
Microsoft Visual Studio Solution File, Format Version 12.00
# Visual Studio Version 16
VisualStudioVersion = 16.0.30225.117
MinimumVisualStudioVersion = 10.0.40219.1
Project("{9A19103F-16F7-4668-BE54-9A1E7A4F7556}") = "APICinema", "APICinema\APICinema.csproj", "{187876DC-D0A9-4BAF-8DCD-3D8E9986C410}"
EndProject
Project("{FAE04EC0-301F-11D3-BF4B-00C04F79EFBC}") = "Contracts", "Contracts\Contracts.csproj", "{0EE875CF-2502-4F8C-B8FD-B30BA988137F}"
EndProject
Global
	GlobalSection(SolutionConfigurationPlatforms) = preSolution
		Debug|Any CPU = Debug|Any CPU
		Release|Any CPU = Release|Any CPU
	EndGlobalSection
	GlobalSection(ProjectConfigurationPlatforms) = postSolution
		{187876DC-D0A9-4BAF-8DCD-3D8E9986C410}.Debug|Any CPU.ActiveCfg = Debug|Any CPU
		{187876DC-D0A9-4BAF-8DCD-3D8E9986C410}.Debug|Any CPU.Build.0 = Debug|Any CPU
		{187876DC-D0A9-4BAF-8DCD-3D8E9986C410}.Release|Any CPU.ActiveCfg = Release|Any CPU
		{187876DC-D0A9-4BAF-8DCD-3D8E9986C410}.Release|Any CPU.Build.0 = Release|Any CPU
		{0EE875CF-2502-4F8C-B8FD-B30BA988137F}.Debug|Any CPU.ActiveCfg = Debug|Any CPU
		{0EE875CF-2502-4F8C-B8FD-B30BA988137F}.Debug|Any CPU.Build.0 = Debug|Any CPU
		{0EE875CF-2502-4F8C-B8FD-B30BA988137F}.Release|Any CPU.ActiveCfg = Release|Any CPU
		{0EE875CF-2502-4F8C-B8FD-B30BA988137F}.Release|Any CPU.Build.0 = Release|Any CPU
	EndGlobalSection
	GlobalSection(SolutionProperties) = preSolution
		HideSolutionNode = FALSE
	EndGlobalSection
	GlobalSection(ExtensibilityGlobals) = postSolution
		SolutionGuid = {900378CD-37AF-4E43-9779-3B88E31CAAD5}
	EndGlobalSection
EndGlobal
